
Microsoft Visual Studio Solution File, Format Version 12.00
# Visual Studio Version 17
VisualStudioVersion = 17.0.31903.59
MinimumVisualStudioVersion = 10.0.40219.1
Project("{FAE04EC0-301F-11D3-BF4B-00C04F79EFBC}") = "App.Web", "App.Web\App.Web.csproj", "{B62ECC14-B474-4799-A4E2-65296BDBE9C1}"
EndProject
Project("{FAE04EC0-301F-11D3-BF4B-00C04F79EFBC}") = "App.Core", "App.Core\App.Core.csproj", "{0C726697-8750-4026-B17A-4DE6A6DC6447}"
EndProject
Project("{FAE04EC0-301F-11D3-BF4B-00C04F79EFBC}") = "App.Application", "App.Application\App.Application.csproj", "{8093C117-556E-4B59-8B90-AB94FC78D01F}"
EndProject
Project("{FAE04EC0-301F-11D3-BF4B-00C04F79EFBC}") = "App.Persistence", "App.Persistence\App.Persistence.csproj", "{1990B859-823B-48FD-89BC-60F0EC34030D}"
EndProject
Project("{FAE04EC0-301F-11D3-BF4B-00C04F79EFBC}") = "App.Infrastructure", "App.Infrastructure\App.Infrastructure.csproj", "{8E9C5E1E-00FF-463B-AF02-1081FFFBCF7F}"
EndProject
Global
	GlobalSection(SolutionConfigurationPlatforms) = preSolution
		Debug|Any CPU = Debug|Any CPU
		Debug|x64 = Debug|x64
		Debug|x86 = Debug|x86
		Release|Any CPU = Release|Any CPU
		Release|x64 = Release|x64
		Release|x86 = Release|x86
	EndGlobalSection
	GlobalSection(ProjectConfigurationPlatforms) = postSolution
		{B62ECC14-B474-4799-A4E2-65296BDBE9C1}.Debug|Any CPU.ActiveCfg = Debug|Any CPU
		{B62ECC14-B474-4799-A4E2-65296BDBE9C1}.Debug|Any CPU.Build.0 = Debug|Any CPU
		{B62ECC14-B474-4799-A4E2-65296BDBE9C1}.Debug|x64.ActiveCfg = Debug|Any CPU
		{B62ECC14-B474-4799-A4E2-65296BDBE9C1}.Debug|x64.Build.0 = Debug|Any CPU
		{B62ECC14-B474-4799-A4E2-65296BDBE9C1}.Debug|x86.ActiveCfg = Debug|Any CPU
		{B62ECC14-B474-4799-A4E2-65296BDBE9C1}.Debug|x86.Build.0 = Debug|Any CPU
		{B62ECC14-B474-4799-A4E2-65296BDBE9C1}.Release|Any CPU.ActiveCfg = Release|Any CPU
		{B62ECC14-B474-4799-A4E2-65296BDBE9C1}.Release|Any CPU.Build.0 = Release|Any CPU
		{B62ECC14-B474-4799-A4E2-65296BDBE9C1}.Release|x64.ActiveCfg = Release|Any CPU
		{B62ECC14-B474-4799-A4E2-65296BDBE9C1}.Release|x64.Build.0 = Release|Any CPU
		{B62ECC14-B474-4799-A4E2-65296BDBE9C1}.Release|x86.ActiveCfg = Release|Any CPU
		{B62ECC14-B474-4799-A4E2-65296BDBE9C1}.Release|x86.Build.0 = Release|Any CPU
		{0C726697-8750-4026-B17A-4DE6A6DC6447}.Debug|Any CPU.ActiveCfg = Debug|Any CPU
		{0C726697-8750-4026-B17A-4DE6A6DC6447}.Debug|Any CPU.Build.0 = Debug|Any CPU
		{0C726697-8750-4026-B17A-4DE6A6DC6447}.Debug|x64.ActiveCfg = Debug|Any CPU
		{0C726697-8750-4026-B17A-4DE6A6DC6447}.Debug|x64.Build.0 = Debug|Any CPU
		{0C726697-8750-4026-B17A-4DE6A6DC6447}.Debug|x86.ActiveCfg = Debug|Any CPU
		{0C726697-8750-4026-B17A-4DE6A6DC6447}.Debug|x86.Build.0 = Debug|Any CPU
		{0C726697-8750-4026-B17A-4DE6A6DC6447}.Release|Any CPU.ActiveCfg = Release|Any CPU
		{0C726697-8750-4026-B17A-4DE6A6DC6447}.Release|Any CPU.Build.0 = Release|Any CPU
		{0C726697-8750-4026-B17A-4DE6A6DC6447}.Release|x64.ActiveCfg = Release|Any CPU
		{0C726697-8750-4026-B17A-4DE6A6DC6447}.Release|x64.Build.0 = Release|Any CPU
		{0C726697-8750-4026-B17A-4DE6A6DC6447}.Release|x86.ActiveCfg = Release|Any CPU
		{0C726697-8750-4026-B17A-4DE6A6DC6447}.Release|x86.Build.0 = Release|Any CPU
		{8093C117-556E-4B59-8B90-AB94FC78D01F}.Debug|Any CPU.ActiveCfg = Debug|Any CPU
		{8093C117-556E-4B59-8B90-AB94FC78D01F}.Debug|Any CPU.Build.0 = Debug|Any CPU
		{8093C117-556E-4B59-8B90-AB94FC78D01F}.Debug|x64.ActiveCfg = Debug|Any CPU
		{8093C117-556E-4B59-8B90-AB94FC78D01F}.Debug|x64.Build.0 = Debug|Any CPU
		{8093C117-556E-4B59-8B90-AB94FC78D01F}.Debug|x86.ActiveCfg = Debug|Any CPU
		{8093C117-556E-4B59-8B90-AB94FC78D01F}.Debug|x86.Build.0 = Debug|Any CPU
		{8093C117-556E-4B59-8B90-AB94FC78D01F}.Release|Any CPU.ActiveCfg = Release|Any CPU
		{8093C117-556E-4B59-8B90-AB94FC78D01F}.Release|Any CPU.Build.0 = Release|Any CPU
		{8093C117-556E-4B59-8B90-AB94FC78D01F}.Release|x64.ActiveCfg = Release|Any CPU
		{8093C117-556E-4B59-8B90-AB94FC78D01F}.Release|x64.Build.0 = Release|Any CPU
		{8093C117-556E-4B59-8B90-AB94FC78D01F}.Release|x86.ActiveCfg = Release|Any CPU
		{8093C117-556E-4B59-8B90-AB94FC78D01F}.Release|x86.Build.0 = Release|Any CPU
		{1990B859-823B-48FD-89BC-60F0EC34030D}.Debug|Any CPU.ActiveCfg = Debug|Any CPU
		{1990B859-823B-48FD-89BC-60F0EC34030D}.Debug|Any CPU.Build.0 = Debug|Any CPU
		{1990B859-823B-48FD-89BC-60F0EC34030D}.Debug|x64.ActiveCfg = Debug|Any CPU
		{1990B859-823B-48FD-89BC-60F0EC34030D}.Debug|x64.Build.0 = Debug|Any CPU
		{1990B859-823B-48FD-89BC-60F0EC34030D}.Debug|x86.ActiveCfg = Debug|Any CPU
		{1990B859-823B-48FD-89BC-60F0EC34030D}.Debug|x86.Build.0 = Debug|Any CPU
		{1990B859-823B-48FD-89BC-60F0EC34030D}.Release|Any CPU.ActiveCfg = Release|Any CPU
		{1990B859-823B-48FD-89BC-60F0EC34030D}.Release|Any CPU.Build.0 = Release|Any CPU
		{1990B859-823B-48FD-89BC-60F0EC34030D}.Release|x64.ActiveCfg = Release|Any CPU
		{1990B859-823B-48FD-89BC-60F0EC34030D}.Release|x64.Build.0 = Release|Any CPU
		{1990B859-823B-48FD-89BC-60F0EC34030D}.Release|x86.ActiveCfg = Release|Any CPU
		{1990B859-823B-48FD-89BC-60F0EC34030D}.Release|x86.Build.0 = Release|Any CPU
		{8E9C5E1E-00FF-463B-AF02-1081FFFBCF7F}.Debug|Any CPU.ActiveCfg = Debug|Any CPU
		{8E9C5E1E-00FF-463B-AF02-1081FFFBCF7F}.Debug|Any CPU.Build.0 = Debug|Any CPU
		{8E9C5E1E-00FF-463B-AF02-1081FFFBCF7F}.Debug|x64.ActiveCfg = Debug|Any CPU
		{8E9C5E1E-00FF-463B-AF02-1081FFFBCF7F}.Debug|x64.Build.0 = Debug|Any CPU
		{8E9C5E1E-00FF-463B-AF02-1081FFFBCF7F}.Debug|x86.ActiveCfg = Debug|Any CPU
		{8E9C5E1E-00FF-463B-AF02-1081FFFBCF7F}.Debug|x86.Build.0 = Debug|Any CPU
		{8E9C5E1E-00FF-463B-AF02-1081FFFBCF7F}.Release|Any CPU.ActiveCfg = Release|Any CPU
		{8E9C5E1E-00FF-463B-AF02-1081FFFBCF7F}.Release|Any CPU.Build.0 = Release|Any CPU
		{8E9C5E1E-00FF-463B-AF02-1081FFFBCF7F}.Release|x64.ActiveCfg = Release|Any CPU
		{8E9C5E1E-00FF-463B-AF02-1081FFFBCF7F}.Release|x64.Build.0 = Release|Any CPU
		{8E9C5E1E-00FF-463B-AF02-1081FFFBCF7F}.Release|x86.ActiveCfg = Release|Any CPU
		{8E9C5E1E-00FF-463B-AF02-1081FFFBCF7F}.Release|x86.Build.0 = Release|Any CPU
	EndGlobalSection
	GlobalSection(SolutionProperties) = preSolution
		HideSolutionNode = FALSE
	EndGlobalSection
EndGlobal
